// !$*UTF8*$!
{
	archiveVersion = 1;
	classes = {
	};
	objectVersion = 56;
	objects = {

/* Begin PBXBuildFile section */
		F427E3652A6448F700DCE044 /* VerticalScrollView.swift in Sources */ = {isa = PBXBuildFile; fileRef = F427E3642A6448F700DCE044 /* VerticalScrollView.swift */; };
		F477583F2A19F76000A06944 /* AppDelegate.swift in Sources */ = {isa = PBXBuildFile; fileRef = F477583E2A19F76000A06944 /* AppDelegate.swift */; };
		F47758412A19F76000A06944 /* SceneDelegate.swift in Sources */ = {isa = PBXBuildFile; fileRef = F47758402A19F76000A06944 /* SceneDelegate.swift */; };
		F47758432A19F76000A06944 /* ViewController.swift in Sources */ = {isa = PBXBuildFile; fileRef = F47758422A19F76000A06944 /* ViewController.swift */; };
		F47758462A19F76000A06944 /* Main.storyboard in Resources */ = {isa = PBXBuildFile; fileRef = F47758442A19F76000A06944 /* Main.storyboard */; };
		F47758482A19F76E00A06944 /* Assets.xcassets in Resources */ = {isa = PBXBuildFile; fileRef = F47758472A19F76E00A06944 /* Assets.xcassets */; };
		F47758562A1A0B5C00A06944 /* OFL.txt in Resources */ = {isa = PBXBuildFile; fileRef = F47758542A1A0B5C00A06944 /* OFL.txt */; };
		F47758572A1A0B5C00A06944 /* Pacifico-Regular.ttf in Resources */ = {isa = PBXBuildFile; fileRef = F47758552A1A0B5C00A06944 /* Pacifico-Regular.ttf */; };
		F477585B2A1A115100A06944 /* 获取商用授权.url in Resources */ = {isa = PBXBuildFile; fileRef = F47758592A1A115100A06944 /* 获取商用授权.url */; };
		F477585C2A1A115100A06944 /* Kyokasho.ttc in Resources */ = {isa = PBXBuildFile; fileRef = F477585A2A1A115100A06944 /* Kyokasho.ttc */; };
		F477585E2A1A117600A06944 /* kefa-bold.ttf in Resources */ = {isa = PBXBuildFile; fileRef = F477585D2A1A117600A06944 /* kefa-bold.ttf */; };
		F48614F52A2C931800DDB6D5 /* ChapterTableViewCell.swift in Sources */ = {isa = PBXBuildFile; fileRef = F48614F32A2C931700DDB6D5 /* ChapterTableViewCell.swift */; };
		F48614F62A2C931800DDB6D5 /* ChapterTableViewCell.xib in Resources */ = {isa = PBXBuildFile; fileRef = F48614F42A2C931700DDB6D5 /* ChapterTableViewCell.xib */; };
		F48614F82A2EB13100DDB6D5 /* YomiQuizViewController.swift in Sources */ = {isa = PBXBuildFile; fileRef = F48614F72A2EB13100DDB6D5 /* YomiQuizViewController.swift */; };
		F48F25D52A5D3E68006B4939 /* CollectionViewCell.swift in Sources */ = {isa = PBXBuildFile; fileRef = F48F25D32A5D3E68006B4939 /* CollectionViewCell.swift */; };
		F48F25D62A5D3E68006B4939 /* CollectionViewCell.xib in Resources */ = {isa = PBXBuildFile; fileRef = F48F25D42A5D3E68006B4939 /* CollectionViewCell.xib */; };
		F48FF79D2A5EBE7600435AD0 /* ListViewController.swift in Sources */ = {isa = PBXBuildFile; fileRef = F48FF79C2A5EBE7600435AD0 /* ListViewController.swift */; };
		F48FF7A02A5FC42C00435AD0 /* Goidon1CollectionViewCell.swift in Sources */ = {isa = PBXBuildFile; fileRef = F48FF79E2A5FC42C00435AD0 /* Goidon1CollectionViewCell.swift */; };
		F48FF7A12A5FC42C00435AD0 /* Goidon1CollectionViewCell.xib in Resources */ = {isa = PBXBuildFile; fileRef = F48FF79F2A5FC42C00435AD0 /* Goidon1CollectionViewCell.xib */; };
		F48FF7A42A5FC5A600435AD0 /* Goidon2CollectionViewCell.swift in Sources */ = {isa = PBXBuildFile; fileRef = F48FF7A22A5FC5A600435AD0 /* Goidon2CollectionViewCell.swift */; };
		F48FF7A52A5FC5A600435AD0 /* Goidon2CollectionViewCell.xib in Resources */ = {isa = PBXBuildFile; fileRef = F48FF7A32A5FC5A600435AD0 /* Goidon2CollectionViewCell.xib */; };
		F490700C2A1D191000599340 /* ChapterViewController.swift in Sources */ = {isa = PBXBuildFile; fileRef = F490700B2A1D191000599340 /* ChapterViewController.swift */; };
		F490701E2A2256A000599340 /* VocabInputViewController.swift in Sources */ = {isa = PBXBuildFile; fileRef = F490701D2A2256A000599340 /* VocabInputViewController.swift */; };
		F49070202A22617E00599340 /* QuizViewController.swift in Sources */ = {isa = PBXBuildFile; fileRef = F490701F2A22617D00599340 /* QuizViewController.swift */; };
		F49070242A23641F00599340 /* FinishViewController.swift in Sources */ = {isa = PBXBuildFile; fileRef = F49070232A23641F00599340 /* FinishViewController.swift */; };
		F49070262A246DD800599340 /* PressableMaterialButton.swift in Sources */ = {isa = PBXBuildFile; fileRef = F49070252A246DD800599340 /* PressableMaterialButton.swift */; };
		F49070282A246ED300599340 /* UIColor.swift in Sources */ = {isa = PBXBuildFile; fileRef = F49070272A246ED300599340 /* UIColor.swift */; };
		F49741CF2A6ED8400095D0DD /* Genki1CollectionViewCell.swift in Sources */ = {isa = PBXBuildFile; fileRef = F49741CD2A6ED8400095D0DD /* Genki1CollectionViewCell.swift */; };
		F49741D02A6ED8400095D0DD /* Genki1CollectionViewCell.xib in Resources */ = {isa = PBXBuildFile; fileRef = F49741CE2A6ED8400095D0DD /* Genki1CollectionViewCell.xib */; };
		F49741D22A6F64540095D0DD /* Genki1LessonViewController.swift in Sources */ = {isa = PBXBuildFile; fileRef = F49741D12A6F64540095D0DD /* Genki1LessonViewController.swift */; };
		F49741D42A6F6CA00095D0DD /* Genki1VocabInputViewController.swift in Sources */ = {isa = PBXBuildFile; fileRef = F49741D32A6F6CA00095D0DD /* Genki1VocabInputViewController.swift */; };
		F49741D62A6F6CB70095D0DD /* Genki1YomiQuizViewController.swift in Sources */ = {isa = PBXBuildFile; fileRef = F49741D52A6F6CB70095D0DD /* Genki1YomiQuizViewController.swift */; };
		F49741D82A6F6CCA0095D0DD /* Genki1QuizViewController.swift in Sources */ = {isa = PBXBuildFile; fileRef = F49741D72A6F6CCA0095D0DD /* Genki1QuizViewController.swift */; };
		F49B2D2D2A6005ED00A7C2E0 /* GoidonLessonViewController.swift in Sources */ = {isa = PBXBuildFile; fileRef = F49B2D2C2A6005ED00A7C2E0 /* GoidonLessonViewController.swift */; };
		F49B2D2F2A605A4800A7C2E0 /* GoidonVocabInputViewController.swift in Sources */ = {isa = PBXBuildFile; fileRef = F49B2D2E2A605A4800A7C2E0 /* GoidonVocabInputViewController.swift */; };
		F49B2D312A605F8500A7C2E0 /* GoidonYomiQuizViewController.swift in Sources */ = {isa = PBXBuildFile; fileRef = F49B2D302A605F8500A7C2E0 /* GoidonYomiQuizViewController.swift */; };
		F49B2D332A60667100A7C2E0 /* GoidonQuizViewController.swift in Sources */ = {isa = PBXBuildFile; fileRef = F49B2D322A60667100A7C2E0 /* GoidonQuizViewController.swift */; };
		F49B2D352A615D6900A7C2E0 /* Goidon2LessonViewController.swift in Sources */ = {isa = PBXBuildFile; fileRef = F49B2D342A615D6900A7C2E0 /* Goidon2LessonViewController.swift */; };
		F49B2D372A615DF100A7C2E0 /* Goidon2VocabInputViewController.swift in Sources */ = {isa = PBXBuildFile; fileRef = F49B2D362A615DF100A7C2E0 /* Goidon2VocabInputViewController.swift */; };
		F49B2D392A615E3600A7C2E0 /* Goidon2YomiQuizViewController.swift in Sources */ = {isa = PBXBuildFile; fileRef = F49B2D382A615E3600A7C2E0 /* Goidon2YomiQuizViewController.swift */; };
		F49B2D3B2A615E8800A7C2E0 /* Goidon2QuizViewController.swift in Sources */ = {isa = PBXBuildFile; fileRef = F49B2D3A2A615E8800A7C2E0 /* Goidon2QuizViewController.swift */; };
		F4A8A0082A36D20B00868C94 /* Launch Screen.storyboard in Resources */ = {isa = PBXBuildFile; fileRef = F4A8A0052A36B78800868C94 /* Launch Screen.storyboard */; };
/* End PBXBuildFile section */

/* Begin PBXFileReference section */
		F427E3642A6448F700DCE044 /* VerticalScrollView.swift */ = {isa = PBXFileReference; lastKnownFileType = sourcecode.swift; path = VerticalScrollView.swift; sourceTree = "<group>"; };
		F477583B2A19F76000A06944 /* Matcha.app */ = {isa = PBXFileReference; explicitFileType = wrapper.application; includeInIndex = 0; path = Matcha.app; sourceTree = BUILT_PRODUCTS_DIR; };
		F477583E2A19F76000A06944 /* AppDelegate.swift */ = {isa = PBXFileReference; lastKnownFileType = sourcecode.swift; path = AppDelegate.swift; sourceTree = "<group>"; };
		F47758402A19F76000A06944 /* SceneDelegate.swift */ = {isa = PBXFileReference; lastKnownFileType = sourcecode.swift; path = SceneDelegate.swift; sourceTree = "<group>"; };
		F47758422A19F76000A06944 /* ViewController.swift */ = {isa = PBXFileReference; lastKnownFileType = sourcecode.swift; path = ViewController.swift; sourceTree = "<group>"; };
		F47758452A19F76000A06944 /* Base */ = {isa = PBXFileReference; lastKnownFileType = file.storyboard; name = Base; path = Base.lproj/Main.storyboard; sourceTree = "<group>"; };
		F47758472A19F76E00A06944 /* Assets.xcassets */ = {isa = PBXFileReference; lastKnownFileType = folder.assetcatalog; path = Assets.xcassets; sourceTree = "<group>"; };
		F477584C2A19F76E00A06944 /* Info.plist */ = {isa = PBXFileReference; lastKnownFileType = text.plist.xml; path = Info.plist; sourceTree = "<group>"; };
		F47758542A1A0B5C00A06944 /* OFL.txt */ = {isa = PBXFileReference; fileEncoding = 4; lastKnownFileType = text; path = OFL.txt; sourceTree = "<group>"; };
		F47758552A1A0B5C00A06944 /* Pacifico-Regular.ttf */ = {isa = PBXFileReference; lastKnownFileType = file; path = "Pacifico-Regular.ttf"; sourceTree = "<group>"; };
		F47758592A1A115100A06944 /* 获取商用授权.url */ = {isa = PBXFileReference; fileEncoding = 4; lastKnownFileType = text; path = "获取商用授权.url"; sourceTree = "<group>"; };
		F477585A2A1A115100A06944 /* Kyokasho.ttc */ = {isa = PBXFileReference; lastKnownFileType = file; path = Kyokasho.ttc; sourceTree = "<group>"; };
		F477585D2A1A117600A06944 /* kefa-bold.ttf */ = {isa = PBXFileReference; lastKnownFileType = file; path = "kefa-bold.ttf"; sourceTree = "<group>"; };
		F48614F32A2C931700DDB6D5 /* ChapterTableViewCell.swift */ = {isa = PBXFileReference; lastKnownFileType = sourcecode.swift; path = ChapterTableViewCell.swift; sourceTree = "<group>"; };
		F48614F42A2C931700DDB6D5 /* ChapterTableViewCell.xib */ = {isa = PBXFileReference; lastKnownFileType = file.xib; path = ChapterTableViewCell.xib; sourceTree = "<group>"; };
		F48614F72A2EB13100DDB6D5 /* YomiQuizViewController.swift */ = {isa = PBXFileReference; lastKnownFileType = sourcecode.swift; path = YomiQuizViewController.swift; sourceTree = "<group>"; };
		F48F25D32A5D3E68006B4939 /* CollectionViewCell.swift */ = {isa = PBXFileReference; lastKnownFileType = sourcecode.swift; path = CollectionViewCell.swift; sourceTree = "<group>"; };
		F48F25D42A5D3E68006B4939 /* CollectionViewCell.xib */ = {isa = PBXFileReference; lastKnownFileType = file.xib; path = CollectionViewCell.xib; sourceTree = "<group>"; };
		F48FF79C2A5EBE7600435AD0 /* ListViewController.swift */ = {isa = PBXFileReference; lastKnownFileType = sourcecode.swift; path = ListViewController.swift; sourceTree = "<group>"; };
		F48FF79E2A5FC42C00435AD0 /* Goidon1CollectionViewCell.swift */ = {isa = PBXFileReference; lastKnownFileType = sourcecode.swift; path = Goidon1CollectionViewCell.swift; sourceTree = "<group>"; };
		F48FF79F2A5FC42C00435AD0 /* Goidon1CollectionViewCell.xib */ = {isa = PBXFileReference; lastKnownFileType = file.xib; path = Goidon1CollectionViewCell.xib; sourceTree = "<group>"; };
		F48FF7A22A5FC5A600435AD0 /* Goidon2CollectionViewCell.swift */ = {isa = PBXFileReference; lastKnownFileType = sourcecode.swift; path = Goidon2CollectionViewCell.swift; sourceTree = "<group>"; };
		F48FF7A32A5FC5A600435AD0 /* Goidon2CollectionViewCell.xib */ = {isa = PBXFileReference; lastKnownFileType = file.xib; path = Goidon2CollectionViewCell.xib; sourceTree = "<group>"; };
		F490700B2A1D191000599340 /* ChapterViewController.swift */ = {isa = PBXFileReference; lastKnownFileType = sourcecode.swift; path = ChapterViewController.swift; sourceTree = "<group>"; };
		F490701D2A2256A000599340 /* VocabInputViewController.swift */ = {isa = PBXFileReference; lastKnownFileType = sourcecode.swift; path = VocabInputViewController.swift; sourceTree = "<group>"; };
		F490701F2A22617D00599340 /* QuizViewController.swift */ = {isa = PBXFileReference; lastKnownFileType = sourcecode.swift; path = QuizViewController.swift; sourceTree = "<group>"; };
		F49070232A23641F00599340 /* FinishViewController.swift */ = {isa = PBXFileReference; lastKnownFileType = sourcecode.swift; path = FinishViewController.swift; sourceTree = "<group>"; };
		F49070252A246DD800599340 /* PressableMaterialButton.swift */ = {isa = PBXFileReference; lastKnownFileType = sourcecode.swift; path = PressableMaterialButton.swift; sourceTree = "<group>"; };
		F49070272A246ED300599340 /* UIColor.swift */ = {isa = PBXFileReference; lastKnownFileType = sourcecode.swift; path = UIColor.swift; sourceTree = "<group>"; };
		F49741CD2A6ED8400095D0DD /* Genki1CollectionViewCell.swift */ = {isa = PBXFileReference; lastKnownFileType = sourcecode.swift; path = Genki1CollectionViewCell.swift; sourceTree = "<group>"; };
		F49741CE2A6ED8400095D0DD /* Genki1CollectionViewCell.xib */ = {isa = PBXFileReference; lastKnownFileType = file.xib; path = Genki1CollectionViewCell.xib; sourceTree = "<group>"; };
		F49741D12A6F64540095D0DD /* Genki1LessonViewController.swift */ = {isa = PBXFileReference; lastKnownFileType = sourcecode.swift; path = Genki1LessonViewController.swift; sourceTree = "<group>"; };
		F49741D32A6F6CA00095D0DD /* Genki1VocabInputViewController.swift */ = {isa = PBXFileReference; lastKnownFileType = sourcecode.swift; path = Genki1VocabInputViewController.swift; sourceTree = "<group>"; };
		F49741D52A6F6CB70095D0DD /* Genki1YomiQuizViewController.swift */ = {isa = PBXFileReference; lastKnownFileType = sourcecode.swift; path = Genki1YomiQuizViewController.swift; sourceTree = "<group>"; };
		F49741D72A6F6CCA0095D0DD /* Genki1QuizViewController.swift */ = {isa = PBXFileReference; lastKnownFileType = sourcecode.swift; path = Genki1QuizViewController.swift; sourceTree = "<group>"; };
		F49B2D2C2A6005ED00A7C2E0 /* GoidonLessonViewController.swift */ = {isa = PBXFileReference; lastKnownFileType = sourcecode.swift; path = GoidonLessonViewController.swift; sourceTree = "<group>"; };
		F49B2D2E2A605A4800A7C2E0 /* GoidonVocabInputViewController.swift */ = {isa = PBXFileReference; lastKnownFileType = sourcecode.swift; path = GoidonVocabInputViewController.swift; sourceTree = "<group>"; };
		F49B2D302A605F8500A7C2E0 /* GoidonYomiQuizViewController.swift */ = {isa = PBXFileReference; lastKnownFileType = sourcecode.swift; path = GoidonYomiQuizViewController.swift; sourceTree = "<group>"; };
		F49B2D322A60667100A7C2E0 /* GoidonQuizViewController.swift */ = {isa = PBXFileReference; lastKnownFileType = sourcecode.swift; path = GoidonQuizViewController.swift; sourceTree = "<group>"; };
		F49B2D342A615D6900A7C2E0 /* Goidon2LessonViewController.swift */ = {isa = PBXFileReference; lastKnownFileType = sourcecode.swift; path = Goidon2LessonViewController.swift; sourceTree = "<group>"; };
		F49B2D362A615DF100A7C2E0 /* Goidon2VocabInputViewController.swift */ = {isa = PBXFileReference; lastKnownFileType = sourcecode.swift; path = Goidon2VocabInputViewController.swift; sourceTree = "<group>"; };
		F49B2D382A615E3600A7C2E0 /* Goidon2YomiQuizViewController.swift */ = {isa = PBXFileReference; lastKnownFileType = sourcecode.swift; path = Goidon2YomiQuizViewController.swift; sourceTree = "<group>"; };
		F49B2D3A2A615E8800A7C2E0 /* Goidon2QuizViewController.swift */ = {isa = PBXFileReference; lastKnownFileType = sourcecode.swift; path = Goidon2QuizViewController.swift; sourceTree = "<group>"; };
		F4A8A0052A36B78800868C94 /* Launch Screen.storyboard */ = {isa = PBXFileReference; fileEncoding = 4; lastKnownFileType = file.storyboard; path = "Launch Screen.storyboard"; sourceTree = "<group>"; };
/* End PBXFileReference section */

/* Begin PBXFrameworksBuildPhase section */
		F47758382A19F76000A06944 /* Frameworks */ = {
			isa = PBXFrameworksBuildPhase;
			buildActionMask = 2147483647;
			files = (
			);
			runOnlyForDeploymentPostprocessing = 0;
		};
/* End PBXFrameworksBuildPhase section */

/* Begin PBXGroup section */
		F47758322A19F76000A06944 = {
			isa = PBXGroup;
			children = (
				F477583D2A19F76000A06944 /* Matcha */,
				F477583C2A19F76000A06944 /* Products */,
			);
			sourceTree = "<group>";
		};
		F477583C2A19F76000A06944 /* Products */ = {
			isa = PBXGroup;
			children = (
				F477583B2A19F76000A06944 /* Matcha.app */,
			);
			name = Products;
			sourceTree = "<group>";
		};
		F477583D2A19F76000A06944 /* Matcha */ = {
			isa = PBXGroup;
			children = (
				F47758522A1A07E000A06944 /* Fonts */,
				F477583E2A19F76000A06944 /* AppDelegate.swift */,
				F47758402A19F76000A06944 /* SceneDelegate.swift */,
				F47758422A19F76000A06944 /* ViewController.swift */,
				F427E3642A6448F700DCE044 /* VerticalScrollView.swift */,
				F48F25D32A5D3E68006B4939 /* CollectionViewCell.swift */,
				F49741CD2A6ED8400095D0DD /* Genki1CollectionViewCell.swift */,
				F48FF79E2A5FC42C00435AD0 /* Goidon1CollectionViewCell.swift */,
				F48FF7A22A5FC5A600435AD0 /* Goidon2CollectionViewCell.swift */,
				F48F25D42A5D3E68006B4939 /* CollectionViewCell.xib */,
				F49741CE2A6ED8400095D0DD /* Genki1CollectionViewCell.xib */,
				F48FF79F2A5FC42C00435AD0 /* Goidon1CollectionViewCell.xib */,
				F48FF7A32A5FC5A600435AD0 /* Goidon2CollectionViewCell.xib */,
				F490700B2A1D191000599340 /* ChapterViewController.swift */,
				F49741D12A6F64540095D0DD /* Genki1LessonViewController.swift */,
				F49B2D2C2A6005ED00A7C2E0 /* GoidonLessonViewController.swift */,
				F49B2D342A615D6900A7C2E0 /* Goidon2LessonViewController.swift */,
				F48614F32A2C931700DDB6D5 /* ChapterTableViewCell.swift */,
				F48614F42A2C931700DDB6D5 /* ChapterTableViewCell.xib */,
				F48FF79C2A5EBE7600435AD0 /* ListViewController.swift */,
				F490701D2A2256A000599340 /* VocabInputViewController.swift */,
				F49B2D2E2A605A4800A7C2E0 /* GoidonVocabInputViewController.swift */,
				F49B2D362A615DF100A7C2E0 /* Goidon2VocabInputViewController.swift */,
				F49741D32A6F6CA00095D0DD /* Genki1VocabInputViewController.swift */,
				F48614F72A2EB13100DDB6D5 /* YomiQuizViewController.swift */,
				F49741D52A6F6CB70095D0DD /* Genki1YomiQuizViewController.swift */,
				F49B2D302A605F8500A7C2E0 /* GoidonYomiQuizViewController.swift */,
				F49B2D382A615E3600A7C2E0 /* Goidon2YomiQuizViewController.swift */,
				F490701F2A22617D00599340 /* QuizViewController.swift */,
				F49741D72A6F6CCA0095D0DD /* Genki1QuizViewController.swift */,
				F49B2D322A60667100A7C2E0 /* GoidonQuizViewController.swift */,
				F49B2D3A2A615E8800A7C2E0 /* Goidon2QuizViewController.swift */,
				F49070232A23641F00599340 /* FinishViewController.swift */,
				F49070252A246DD800599340 /* PressableMaterialButton.swift */,
				F49070272A246ED300599340 /* UIColor.swift */,
				F4A8A0052A36B78800868C94 /* Launch Screen.storyboard */,
				F47758442A19F76000A06944 /* Main.storyboard */,
				F47758472A19F76E00A06944 /* Assets.xcassets */,
				F477584C2A19F76E00A06944 /* Info.plist */,
			);
			path = Matcha;
			sourceTree = "<group>";
		};
		F47758522A1A07E000A06944 /* Fonts */ = {
			isa = PBXGroup;
			children = (
				F477585D2A1A117600A06944 /* kefa-bold.ttf */,
				F47758582A1A115100A06944 /* Kyokasho */,
				F47758532A1A0B5C00A06944 /* Pacifico */,
			);
			path = Fonts;
			sourceTree = "<group>";
		};
		F47758532A1A0B5C00A06944 /* Pacifico */ = {
			isa = PBXGroup;
			children = (
				F47758542A1A0B5C00A06944 /* OFL.txt */,
				F47758552A1A0B5C00A06944 /* Pacifico-Regular.ttf */,
			);
			path = Pacifico;
			sourceTree = "<group>";
		};
		F47758582A1A115100A06944 /* Kyokasho */ = {
			isa = PBXGroup;
			children = (
				F47758592A1A115100A06944 /* 获取商用授权.url */,
				F477585A2A1A115100A06944 /* Kyokasho.ttc */,
			);
			path = Kyokasho;
			sourceTree = "<group>";
		};
/* End PBXGroup section */

/* Begin PBXNativeTarget section */
		F477583A2A19F76000A06944 /* Matcha */ = {
			isa = PBXNativeTarget;
			buildConfigurationList = F477584F2A19F76E00A06944 /* Build configuration list for PBXNativeTarget "Matcha" */;
			buildPhases = (
				F47758372A19F76000A06944 /* Sources */,
				F47758382A19F76000A06944 /* Frameworks */,
				F47758392A19F76000A06944 /* Resources */,
			);
			buildRules = (
			);
			dependencies = (
			);
			name = Matcha;
			productName = Matcha;
			productReference = F477583B2A19F76000A06944 /* Matcha.app */;
			productType = "com.apple.product-type.application";
		};
/* End PBXNativeTarget section */

/* Begin PBXProject section */
		F47758332A19F76000A06944 /* Project object */ = {
			isa = PBXProject;
			attributes = {
				BuildIndependentTargetsInParallel = 1;
				LastSwiftUpdateCheck = 1430;
				LastUpgradeCheck = 1430;
				TargetAttributes = {
					F477583A2A19F76000A06944 = {
						CreatedOnToolsVersion = 14.3;
					};
				};
			};
			buildConfigurationList = F47758362A19F76000A06944 /* Build configuration list for PBXProject "Matcha" */;
			compatibilityVersion = "Xcode 14.0";
			developmentRegion = en;
			hasScannedForEncodings = 0;
			knownRegions = (
				en,
				Base,
			);
			mainGroup = F47758322A19F76000A06944;
			productRefGroup = F477583C2A19F76000A06944 /* Products */;
			projectDirPath = "";
			projectRoot = "";
			targets = (
				F477583A2A19F76000A06944 /* Matcha */,
			);
		};
/* End PBXProject section */

/* Begin PBXResourcesBuildPhase section */
		F47758392A19F76000A06944 /* Resources */ = {
			isa = PBXResourcesBuildPhase;
			buildActionMask = 2147483647;
			files = (
				F477585B2A1A115100A06944 /* 获取商用授权.url in Resources */,
				F49741D02A6ED8400095D0DD /* Genki1CollectionViewCell.xib in Resources */,
				F47758482A19F76E00A06944 /* Assets.xcassets in Resources */,
				F48FF7A12A5FC42C00435AD0 /* Goidon1CollectionViewCell.xib in Resources */,
				F48FF7A52A5FC5A600435AD0 /* Goidon2CollectionViewCell.xib in Resources */,
				F48F25D62A5D3E68006B4939 /* CollectionViewCell.xib in Resources */,
				F48614F62A2C931800DDB6D5 /* ChapterTableViewCell.xib in Resources */,
				F47758562A1A0B5C00A06944 /* OFL.txt in Resources */,
				F47758462A19F76000A06944 /* Main.storyboard in Resources */,
				F47758572A1A0B5C00A06944 /* Pacifico-Regular.ttf in Resources */,
				F477585E2A1A117600A06944 /* kefa-bold.ttf in Resources */,
				F4A8A0082A36D20B00868C94 /* Launch Screen.storyboard in Resources */,
				F477585C2A1A115100A06944 /* Kyokasho.ttc in Resources */,
			);
			runOnlyForDeploymentPostprocessing = 0;
		};
/* End PBXResourcesBuildPhase section */

/* Begin PBXSourcesBuildPhase section */
		F47758372A19F76000A06944 /* Sources */ = {
			isa = PBXSourcesBuildPhase;
			buildActionMask = 2147483647;
			files = (
				F490700C2A1D191000599340 /* ChapterViewController.swift in Sources */,
				F49B2D2F2A605A4800A7C2E0 /* GoidonVocabInputViewController.swift in Sources */,
				F490701E2A2256A000599340 /* VocabInputViewController.swift in Sources */,
				F49741CF2A6ED8400095D0DD /* Genki1CollectionViewCell.swift in Sources */,
				F49B2D352A615D6900A7C2E0 /* Goidon2LessonViewController.swift in Sources */,
				F49741D42A6F6CA00095D0DD /* Genki1VocabInputViewController.swift in Sources */,
				F49070202A22617E00599340 /* QuizViewController.swift in Sources */,
				F47758432A19F76000A06944 /* ViewController.swift in Sources */,
				F48FF7A42A5FC5A600435AD0 /* Goidon2CollectionViewCell.swift in Sources */,
				F477583F2A19F76000A06944 /* AppDelegate.swift in Sources */,
				F49B2D372A615DF100A7C2E0 /* Goidon2VocabInputViewController.swift in Sources */,
				F48FF79D2A5EBE7600435AD0 /* ListViewController.swift in Sources */,
				F49B2D3B2A615E8800A7C2E0 /* Goidon2QuizViewController.swift in Sources */,
				F48FF7A02A5FC42C00435AD0 /* Goidon1CollectionViewCell.swift in Sources */,
				F49741D62A6F6CB70095D0DD /* Genki1YomiQuizViewController.swift in Sources */,
				F49070242A23641F00599340 /* FinishViewController.swift in Sources */,
				F47758412A19F76000A06944 /* SceneDelegate.swift in Sources */,
				F49B2D332A60667100A7C2E0 /* GoidonQuizViewController.swift in Sources */,
				F427E3652A6448F700DCE044 /* VerticalScrollView.swift in Sources */,
				F49B2D392A615E3600A7C2E0 /* Goidon2YomiQuizViewController.swift in Sources */,
				F49741D22A6F64540095D0DD /* Genki1LessonViewController.swift in Sources */,
				F49741D82A6F6CCA0095D0DD /* Genki1QuizViewController.swift in Sources */,
				F48F25D52A5D3E68006B4939 /* CollectionViewCell.swift in Sources */,
				F49070262A246DD800599340 /* PressableMaterialButton.swift in Sources */,
				F49B2D2D2A6005ED00A7C2E0 /* GoidonLessonViewController.swift in Sources */,
				F48614F82A2EB13100DDB6D5 /* YomiQuizViewController.swift in Sources */,
				F49070282A246ED300599340 /* UIColor.swift in Sources */,
				F48614F52A2C931800DDB6D5 /* ChapterTableViewCell.swift in Sources */,
				F49B2D312A605F8500A7C2E0 /* GoidonYomiQuizViewController.swift in Sources */,
			);
			runOnlyForDeploymentPostprocessing = 0;
		};
/* End PBXSourcesBuildPhase section */

/* Begin PBXVariantGroup section */
		F47758442A19F76000A06944 /* Main.storyboard */ = {
			isa = PBXVariantGroup;
			children = (
				F47758452A19F76000A06944 /* Base */,
			);
			name = Main.storyboard;
			sourceTree = "<group>";
		};
/* End PBXVariantGroup section */

/* Begin XCBuildConfiguration section */
		F477584D2A19F76E00A06944 /* Debug */ = {
			isa = XCBuildConfiguration;
			buildSettings = {
				ALWAYS_SEARCH_USER_PATHS = NO;
				CLANG_ANALYZER_NONNULL = YES;
				CLANG_ANALYZER_NUMBER_OBJECT_CONVERSION = YES_AGGRESSIVE;
				CLANG_CXX_LANGUAGE_STANDARD = "gnu++20";
				CLANG_ENABLE_MODULES = YES;
				CLANG_ENABLE_OBJC_ARC = YES;
				CLANG_ENABLE_OBJC_WEAK = YES;
				CLANG_WARN_BLOCK_CAPTURE_AUTORELEASING = YES;
				CLANG_WARN_BOOL_CONVERSION = YES;
				CLANG_WARN_COMMA = YES;
				CLANG_WARN_CONSTANT_CONVERSION = YES;
				CLANG_WARN_DEPRECATED_OBJC_IMPLEMENTATIONS = YES;
				CLANG_WARN_DIRECT_OBJC_ISA_USAGE = YES_ERROR;
				CLANG_WARN_DOCUMENTATION_COMMENTS = YES;
				CLANG_WARN_EMPTY_BODY = YES;
				CLANG_WARN_ENUM_CONVERSION = YES;
				CLANG_WARN_INFINITE_RECURSION = YES;
				CLANG_WARN_INT_CONVERSION = YES;
				CLANG_WARN_NON_LITERAL_NULL_CONVERSION = YES;
				CLANG_WARN_OBJC_IMPLICIT_RETAIN_SELF = YES;
				CLANG_WARN_OBJC_LITERAL_CONVERSION = YES;
				CLANG_WARN_OBJC_ROOT_CLASS = YES_ERROR;
				CLANG_WARN_QUOTED_INCLUDE_IN_FRAMEWORK_HEADER = YES;
				CLANG_WARN_RANGE_LOOP_ANALYSIS = YES;
				CLANG_WARN_STRICT_PROTOTYPES = YES;
				CLANG_WARN_SUSPICIOUS_MOVE = YES;
				CLANG_WARN_UNGUARDED_AVAILABILITY = YES_AGGRESSIVE;
				CLANG_WARN_UNREACHABLE_CODE = YES;
				CLANG_WARN__DUPLICATE_METHOD_MATCH = YES;
				COPY_PHASE_STRIP = NO;
				DEBUG_INFORMATION_FORMAT = dwarf;
				ENABLE_STRICT_OBJC_MSGSEND = YES;
				ENABLE_TESTABILITY = YES;
				GCC_C_LANGUAGE_STANDARD = gnu11;
				GCC_DYNAMIC_NO_PIC = NO;
				GCC_NO_COMMON_BLOCKS = YES;
				GCC_OPTIMIZATION_LEVEL = 0;
				GCC_PREPROCESSOR_DEFINITIONS = (
					"DEBUG=1",
					"$(inherited)",
				);
				GCC_WARN_64_TO_32_BIT_CONVERSION = YES;
				GCC_WARN_ABOUT_RETURN_TYPE = YES_ERROR;
				GCC_WARN_UNDECLARED_SELECTOR = YES;
				GCC_WARN_UNINITIALIZED_AUTOS = YES_AGGRESSIVE;
				GCC_WARN_UNUSED_FUNCTION = YES;
				GCC_WARN_UNUSED_VARIABLE = YES;
				IPHONEOS_DEPLOYMENT_TARGET = 16.4;
				MTL_ENABLE_DEBUG_INFO = INCLUDE_SOURCE;
				MTL_FAST_MATH = YES;
				ONLY_ACTIVE_ARCH = YES;
				SDKROOT = iphoneos;
				SWIFT_ACTIVE_COMPILATION_CONDITIONS = DEBUG;
				SWIFT_OPTIMIZATION_LEVEL = "-Onone";
			};
			name = Debug;
		};
		F477584E2A19F76E00A06944 /* Release */ = {
			isa = XCBuildConfiguration;
			buildSettings = {
				ALWAYS_SEARCH_USER_PATHS = NO;
				CLANG_ANALYZER_NONNULL = YES;
				CLANG_ANALYZER_NUMBER_OBJECT_CONVERSION = YES_AGGRESSIVE;
				CLANG_CXX_LANGUAGE_STANDARD = "gnu++20";
				CLANG_ENABLE_MODULES = YES;
				CLANG_ENABLE_OBJC_ARC = YES;
				CLANG_ENABLE_OBJC_WEAK = YES;
				CLANG_WARN_BLOCK_CAPTURE_AUTORELEASING = YES;
				CLANG_WARN_BOOL_CONVERSION = YES;
				CLANG_WARN_COMMA = YES;
				CLANG_WARN_CONSTANT_CONVERSION = YES;
				CLANG_WARN_DEPRECATED_OBJC_IMPLEMENTATIONS = YES;
				CLANG_WARN_DIRECT_OBJC_ISA_USAGE = YES_ERROR;
				CLANG_WARN_DOCUMENTATION_COMMENTS = YES;
				CLANG_WARN_EMPTY_BODY = YES;
				CLANG_WARN_ENUM_CONVERSION = YES;
				CLANG_WARN_INFINITE_RECURSION = YES;
				CLANG_WARN_INT_CONVERSION = YES;
				CLANG_WARN_NON_LITERAL_NULL_CONVERSION = YES;
				CLANG_WARN_OBJC_IMPLICIT_RETAIN_SELF = YES;
				CLANG_WARN_OBJC_LITERAL_CONVERSION = YES;
				CLANG_WARN_OBJC_ROOT_CLASS = YES_ERROR;
				CLANG_WARN_QUOTED_INCLUDE_IN_FRAMEWORK_HEADER = YES;
				CLANG_WARN_RANGE_LOOP_ANALYSIS = YES;
				CLANG_WARN_STRICT_PROTOTYPES = YES;
				CLANG_WARN_SUSPICIOUS_MOVE = YES;
				CLANG_WARN_UNGUARDED_AVAILABILITY = YES_AGGRESSIVE;
				CLANG_WARN_UNREACHABLE_CODE = YES;
				CLANG_WARN__DUPLICATE_METHOD_MATCH = YES;
				COPY_PHASE_STRIP = NO;
				DEBUG_INFORMATION_FORMAT = "dwarf-with-dsym";
				ENABLE_NS_ASSERTIONS = NO;
				ENABLE_STRICT_OBJC_MSGSEND = YES;
				GCC_C_LANGUAGE_STANDARD = gnu11;
				GCC_NO_COMMON_BLOCKS = YES;
				GCC_WARN_64_TO_32_BIT_CONVERSION = YES;
				GCC_WARN_ABOUT_RETURN_TYPE = YES_ERROR;
				GCC_WARN_UNDECLARED_SELECTOR = YES;
				GCC_WARN_UNINITIALIZED_AUTOS = YES_AGGRESSIVE;
				GCC_WARN_UNUSED_FUNCTION = YES;
				GCC_WARN_UNUSED_VARIABLE = YES;
				IPHONEOS_DEPLOYMENT_TARGET = 16.4;
				MTL_ENABLE_DEBUG_INFO = NO;
				MTL_FAST_MATH = YES;
				SDKROOT = iphoneos;
				SWIFT_COMPILATION_MODE = wholemodule;
				SWIFT_OPTIMIZATION_LEVEL = "-O";
				VALIDATE_PRODUCT = YES;
			};
			name = Release;
		};
		F47758502A19F76E00A06944 /* Debug */ = {
			isa = XCBuildConfiguration;
			buildSettings = {
				ASSETCATALOG_COMPILER_APPICON_NAME = AppIcon;
				ASSETCATALOG_COMPILER_GLOBAL_ACCENT_COLOR_NAME = AccentColor;
				ASSETCATALOG_COMPILER_INCLUDE_ALL_APPICON_ASSETS = YES;
				CODE_SIGN_STYLE = Automatic;
				CURRENT_PROJECT_VERSION = 2.1;
				DEVELOPMENT_TEAM = T5L3A8N227;
				GENERATE_INFOPLIST_FILE = YES;
				INFOPLIST_FILE = Matcha/Info.plist;
				INFOPLIST_KEY_CFBundleDisplayName = Matcha;
				INFOPLIST_KEY_LSApplicationCategoryType = "public.app-category.education";
				INFOPLIST_KEY_UIApplicationSupportsIndirectInputEvents = YES;
				INFOPLIST_KEY_UILaunchStoryboardName = "Launch Screen";
				INFOPLIST_KEY_UIMainStoryboardFile = Main;
				INFOPLIST_KEY_UIStatusBarStyle = UIStatusBarStyleLightContent;
				INFOPLIST_KEY_UISupportedInterfaceOrientations_iPad = "UIInterfaceOrientationPortrait UIInterfaceOrientationPortraitUpsideDown UIInterfaceOrientationLandscapeLeft UIInterfaceOrientationLandscapeRight";
				INFOPLIST_KEY_UISupportedInterfaceOrientations_iPhone = "UIInterfaceOrientationPortrait UIInterfaceOrientationLandscapeLeft UIInterfaceOrientationLandscapeRight";
				INFOPLIST_KEY_UIUserInterfaceStyle = Light;
				IPHONEOS_DEPLOYMENT_TARGET = 16.0;
				LD_RUNPATH_SEARCH_PATHS = (
					"$(inherited)",
					"@executable_path/Frameworks",
				);
				MARKETING_VERSION = 2.1;
				PRODUCT_BUNDLE_IDENTIFIER = app.wadachi.Matcha;
				PRODUCT_NAME = "$(TARGET_NAME)";
				SUPPORTED_PLATFORMS = "iphoneos iphonesimulator";
				SUPPORTS_MACCATALYST = NO;
				SUPPORTS_MAC_DESIGNED_FOR_IPHONE_IPAD = NO;
				SWIFT_EMIT_LOC_STRINGS = YES;
				SWIFT_VERSION = 5.0;
				TARGETED_DEVICE_FAMILY = "1,2";
			};
			name = Debug;
		};
		F47758512A19F76E00A06944 /* Release */ = {
			isa = XCBuildConfiguration;
			buildSettings = {
				ASSETCATALOG_COMPILER_APPICON_NAME = AppIcon;
				ASSETCATALOG_COMPILER_GLOBAL_ACCENT_COLOR_NAME = AccentColor;
				ASSETCATALOG_COMPILER_INCLUDE_ALL_APPICON_ASSETS = YES;
				CODE_SIGN_STYLE = Automatic;
				CURRENT_PROJECT_VERSION = 2.1;
				DEVELOPMENT_TEAM = T5L3A8N227;
				GENERATE_INFOPLIST_FILE = YES;
				INFOPLIST_FILE = Matcha/Info.plist;
				INFOPLIST_KEY_CFBundleDisplayName = Matcha;
				INFOPLIST_KEY_LSApplicationCategoryType = "public.app-category.education";
				INFOPLIST_KEY_UIApplicationSupportsIndirectInputEvents = YES;
				INFOPLIST_KEY_UILaunchStoryboardName = "Launch Screen";
				INFOPLIST_KEY_UIMainStoryboardFile = Main;
				INFOPLIST_KEY_UIStatusBarStyle = UIStatusBarStyleLightContent;
				INFOPLIST_KEY_UISupportedInterfaceOrientations_iPad = "UIInterfaceOrientationPortrait UIInterfaceOrientationPortraitUpsideDown UIInterfaceOrientationLandscapeLeft UIInterfaceOrientationLandscapeRight";
				INFOPLIST_KEY_UISupportedInterfaceOrientations_iPhone = "UIInterfaceOrientationPortrait UIInterfaceOrientationLandscapeLeft UIInterfaceOrientationLandscapeRight";
				INFOPLIST_KEY_UIUserInterfaceStyle = Light;
				IPHONEOS_DEPLOYMENT_TARGET = 16.0;
				LD_RUNPATH_SEARCH_PATHS = (
					"$(inherited)",
					"@executable_path/Frameworks",
				);
				MARKETING_VERSION = 2.1;
				PRODUCT_BUNDLE_IDENTIFIER = app.wadachi.Matcha;
				PRODUCT_NAME = "$(TARGET_NAME)";
				SUPPORTED_PLATFORMS = "iphoneos iphonesimulator";
				SUPPORTS_MACCATALYST = NO;
				SUPPORTS_MAC_DESIGNED_FOR_IPHONE_IPAD = NO;
				SWIFT_EMIT_LOC_STRINGS = YES;
				SWIFT_VERSION = 5.0;
				TARGETED_DEVICE_FAMILY = "1,2";
			};
			name = Release;
		};
/* End XCBuildConfiguration section */

/* Begin XCConfigurationList section */
		F47758362A19F76000A06944 /* Build configuration list for PBXProject "Matcha" */ = {
			isa = XCConfigurationList;
			buildConfigurations = (
				F477584D2A19F76E00A06944 /* Debug */,
				F477584E2A19F76E00A06944 /* Release */,
			);
			defaultConfigurationIsVisible = 0;
			defaultConfigurationName = Release;
		};
		F477584F2A19F76E00A06944 /* Build configuration list for PBXNativeTarget "Matcha" */ = {
			isa = XCConfigurationList;
			buildConfigurations = (
				F47758502A19F76E00A06944 /* Debug */,
				F47758512A19F76E00A06944 /* Release */,
			);
			defaultConfigurationIsVisible = 0;
			defaultConfigurationName = Release;
		};
/* End XCConfigurationList section */
	};
	rootObject = F47758332A19F76000A06944 /* Project object */;
}
